
Microsoft Visual Studio Solution File, Format Version 11.00
# Visual Studio 2010
Project("{8BC9CEB8-8B4A-11D0-8D11-00A0C91BC942}") = "SimWare", "SimWare\SimWare.vcxproj", "{BED1FF83-E497-4EB4-AED3-EB95C3A9B79E}"
EndProject
Global
	GlobalSection(SolutionConfigurationPlatforms) = preSolution
		Debug|Win32 = Debug|Win32
		Release|Win32 = Release|Win32
	EndGlobalSection
	GlobalSection(ProjectConfigurationPlatforms) = postSolution
		{BED1FF83-E497-4EB4-AED3-EB95C3A9B79E}.Debug|Win32.ActiveCfg = Debug|Win32
		{BED1FF83-E497-4EB4-AED3-EB95C3A9B79E}.Debug|Win32.Build.0 = Debug|Win32
		{BED1FF83-E497-4EB4-AED3-EB95C3A9B79E}.Release|Win32.ActiveCfg = Release|Win32
		{BED1FF83-E497-4EB4-AED3-EB95C3A9B79E}.Release|Win32.Build.0 = Release|Win32
	EndGlobalSection
	GlobalSection(SolutionProperties) = preSolution
		HideSolutionNode = FALSE
	EndGlobalSection
EndGlobal
